
Microsoft Visual Studio Solution File, Format Version 12.00
# Visual Studio Version 17
VisualStudioVersion = 17.11.35312.102
MinimumVisualStudioVersion = 10.0.40219.1
Project("{2150E333-8FDC-42A3-9474-1A3956D46DE8}") = "1. Presentacion", "1. Presentacion", "{C519A657-4DCE-4A18-B34A-CA9E19172189}"
EndProject
Project("{2150E333-8FDC-42A3-9474-1A3956D46DE8}") = "2. Servicios", "2. Servicios", "{A3F30E81-4196-42E8-99D4-24E73AECE733}"
EndProject
Project("{2150E333-8FDC-42A3-9474-1A3956D46DE8}") = "3. Comunes", "3. Comunes", "{10B1AF16-742A-4915-8BEB-9DC88C03AE84}"
EndProject
Project("{2150E333-8FDC-42A3-9474-1A3956D46DE8}") = "4. Pruebas Unitarias", "4. Pruebas Unitarias", "{26366023-D97A-46F7-927C-ED650FE0DE2B}"
EndProject
Project("{9A19103F-16F7-4668-BE54-9A1E7A4F7556}") = "lib_entidades", "lib_entidades\lib_entidades.csproj", "{6688A934-74B3-49C2-A260-4670233ED8A4}"
EndProject
Project("{9A19103F-16F7-4668-BE54-9A1E7A4F7556}") = "lib_repositorios", "lib_repositorios\lib_repositorios.csproj", "{DFB5102C-ABE5-47AB-8458-3F8438D8E73B}"
EndProject
Project("{9A19103F-16F7-4668-BE54-9A1E7A4F7556}") = "mst_pruebas", "mst_pruebas\mst_pruebas.csproj", "{BBB723F2-5B75-4D92-BA46-4BB7DAA17796}"
EndProject
Project("{FAE04EC0-301F-11D3-BF4B-00C04F79EFBC}") = "lib_aplicaciones", "lib_aplicaciones\lib_aplicaciones.csproj", "{3FFCE7FB-3266-48D1-A935-35D8D1726E83}"
EndProject
Project("{FAE04EC0-301F-11D3-BF4B-00C04F79EFBC}") = "asp_servicios", "asp_servicios\asp_servicios.csproj", "{E782D7CB-A2C2-4AA8-B363-CD219C96AB42}"
EndProject
Project("{FAE04EC0-301F-11D3-BF4B-00C04F79EFBC}") = "lib_utilidades", "lib_utilidades\lib_utilidades.csproj", "{BA4313C2-A9C4-4F6D-A2D2-91B6DD66C3D7}"
EndProject
Project("{FAE04EC0-301F-11D3-BF4B-00C04F79EFBC}") = "lib_lenguajes", "lib_lenguajes\lib_lenguajes.csproj", "{DEEDA601-E072-4C03-8201-AD86398230BB}"
EndProject
Project("{FAE04EC0-301F-11D3-BF4B-00C04F79EFBC}") = "wpf_presentacion", "wpf_presentacion\wpf_presentacion.csproj", "{74974248-2821-40E8-B179-EDCA0CB93D74}"
EndProject
Project("{FAE04EC0-301F-11D3-BF4B-00C04F79EFBC}") = "lib_comunicaciones", "lib_comunicaciones\lib_comunicaciones.csproj", "{887C1F01-D1D3-41CF-84E6-D37694BF1FDC}"
EndProject
Project("{FAE04EC0-301F-11D3-BF4B-00C04F79EFBC}") = "lib_presentaciones", "lib_presentaciones\lib_presentaciones.csproj", "{2F96CE7F-B00E-4DD3-8D90-4A9FEA1A6B50}"
EndProject
Project("{FAE04EC0-301F-11D3-BF4B-00C04F79EFBC}") = "asp_presentacion", "asp_presentacion\asp_presentacion.csproj", "{1F69A3F0-BB57-4E8D-8457-FB16DE897EA3}"
EndProject
Global
	GlobalSection(SolutionConfigurationPlatforms) = preSolution
		Debug|Any CPU = Debug|Any CPU
		Release|Any CPU = Release|Any CPU
	EndGlobalSection
	GlobalSection(ProjectConfigurationPlatforms) = postSolution
		{6688A934-74B3-49C2-A260-4670233ED8A4}.Debug|Any CPU.ActiveCfg = Debug|Any CPU
		{6688A934-74B3-49C2-A260-4670233ED8A4}.Debug|Any CPU.Build.0 = Debug|Any CPU
		{6688A934-74B3-49C2-A260-4670233ED8A4}.Release|Any CPU.ActiveCfg = Release|Any CPU
		{6688A934-74B3-49C2-A260-4670233ED8A4}.Release|Any CPU.Build.0 = Release|Any CPU
		{DFB5102C-ABE5-47AB-8458-3F8438D8E73B}.Debug|Any CPU.ActiveCfg = Debug|Any CPU
		{DFB5102C-ABE5-47AB-8458-3F8438D8E73B}.Debug|Any CPU.Build.0 = Debug|Any CPU
		{DFB5102C-ABE5-47AB-8458-3F8438D8E73B}.Release|Any CPU.ActiveCfg = Release|Any CPU
		{DFB5102C-ABE5-47AB-8458-3F8438D8E73B}.Release|Any CPU.Build.0 = Release|Any CPU
		{BBB723F2-5B75-4D92-BA46-4BB7DAA17796}.Debug|Any CPU.ActiveCfg = Debug|Any CPU
		{BBB723F2-5B75-4D92-BA46-4BB7DAA17796}.Debug|Any CPU.Build.0 = Debug|Any CPU
		{BBB723F2-5B75-4D92-BA46-4BB7DAA17796}.Release|Any CPU.ActiveCfg = Release|Any CPU
		{BBB723F2-5B75-4D92-BA46-4BB7DAA17796}.Release|Any CPU.Build.0 = Release|Any CPU
		{3FFCE7FB-3266-48D1-A935-35D8D1726E83}.Debug|Any CPU.ActiveCfg = Debug|Any CPU
		{3FFCE7FB-3266-48D1-A935-35D8D1726E83}.Debug|Any CPU.Build.0 = Debug|Any CPU
		{3FFCE7FB-3266-48D1-A935-35D8D1726E83}.Release|Any CPU.ActiveCfg = Release|Any CPU
		{3FFCE7FB-3266-48D1-A935-35D8D1726E83}.Release|Any CPU.Build.0 = Release|Any CPU
		{E782D7CB-A2C2-4AA8-B363-CD219C96AB42}.Debug|Any CPU.ActiveCfg = Debug|Any CPU
		{E782D7CB-A2C2-4AA8-B363-CD219C96AB42}.Debug|Any CPU.Build.0 = Debug|Any CPU
		{E782D7CB-A2C2-4AA8-B363-CD219C96AB42}.Release|Any CPU.ActiveCfg = Release|Any CPU
		{E782D7CB-A2C2-4AA8-B363-CD219C96AB42}.Release|Any CPU.Build.0 = Release|Any CPU
		{BA4313C2-A9C4-4F6D-A2D2-91B6DD66C3D7}.Debug|Any CPU.ActiveCfg = Debug|Any CPU
		{BA4313C2-A9C4-4F6D-A2D2-91B6DD66C3D7}.Debug|Any CPU.Build.0 = Debug|Any CPU
		{BA4313C2-A9C4-4F6D-A2D2-91B6DD66C3D7}.Release|Any CPU.ActiveCfg = Release|Any CPU
		{BA4313C2-A9C4-4F6D-A2D2-91B6DD66C3D7}.Release|Any CPU.Build.0 = Release|Any CPU
		{DEEDA601-E072-4C03-8201-AD86398230BB}.Debug|Any CPU.ActiveCfg = Debug|Any CPU
		{DEEDA601-E072-4C03-8201-AD86398230BB}.Debug|Any CPU.Build.0 = Debug|Any CPU
		{DEEDA601-E072-4C03-8201-AD86398230BB}.Release|Any CPU.ActiveCfg = Release|Any CPU
		{DEEDA601-E072-4C03-8201-AD86398230BB}.Release|Any CPU.Build.0 = Release|Any CPU
		{74974248-2821-40E8-B179-EDCA0CB93D74}.Debug|Any CPU.ActiveCfg = Debug|Any CPU
		{74974248-2821-40E8-B179-EDCA0CB93D74}.Debug|Any CPU.Build.0 = Debug|Any CPU
		{74974248-2821-40E8-B179-EDCA0CB93D74}.Release|Any CPU.ActiveCfg = Release|Any CPU
		{74974248-2821-40E8-B179-EDCA0CB93D74}.Release|Any CPU.Build.0 = Release|Any CPU
		{887C1F01-D1D3-41CF-84E6-D37694BF1FDC}.Debug|Any CPU.ActiveCfg = Debug|Any CPU
		{887C1F01-D1D3-41CF-84E6-D37694BF1FDC}.Debug|Any CPU.Build.0 = Debug|Any CPU
		{887C1F01-D1D3-41CF-84E6-D37694BF1FDC}.Release|Any CPU.ActiveCfg = Release|Any CPU
		{887C1F01-D1D3-41CF-84E6-D37694BF1FDC}.Release|Any CPU.Build.0 = Release|Any CPU
		{2F96CE7F-B00E-4DD3-8D90-4A9FEA1A6B50}.Debug|Any CPU.ActiveCfg = Debug|Any CPU
		{2F96CE7F-B00E-4DD3-8D90-4A9FEA1A6B50}.Debug|Any CPU.Build.0 = Debug|Any CPU
		{2F96CE7F-B00E-4DD3-8D90-4A9FEA1A6B50}.Release|Any CPU.ActiveCfg = Release|Any CPU
		{2F96CE7F-B00E-4DD3-8D90-4A9FEA1A6B50}.Release|Any CPU.Build.0 = Release|Any CPU
		{1F69A3F0-BB57-4E8D-8457-FB16DE897EA3}.Debug|Any CPU.ActiveCfg = Debug|Any CPU
		{1F69A3F0-BB57-4E8D-8457-FB16DE897EA3}.Debug|Any CPU.Build.0 = Debug|Any CPU
		{1F69A3F0-BB57-4E8D-8457-FB16DE897EA3}.Release|Any CPU.ActiveCfg = Release|Any CPU
		{1F69A3F0-BB57-4E8D-8457-FB16DE897EA3}.Release|Any CPU.Build.0 = Release|Any CPU
	EndGlobalSection
	GlobalSection(SolutionProperties) = preSolution
		HideSolutionNode = FALSE
	EndGlobalSection
	GlobalSection(NestedProjects) = preSolution
		{6688A934-74B3-49C2-A260-4670233ED8A4} = {10B1AF16-742A-4915-8BEB-9DC88C03AE84}
		{DFB5102C-ABE5-47AB-8458-3F8438D8E73B} = {A3F30E81-4196-42E8-99D4-24E73AECE733}
		{BBB723F2-5B75-4D92-BA46-4BB7DAA17796} = {26366023-D97A-46F7-927C-ED650FE0DE2B}
		{3FFCE7FB-3266-48D1-A935-35D8D1726E83} = {A3F30E81-4196-42E8-99D4-24E73AECE733}
		{E782D7CB-A2C2-4AA8-B363-CD219C96AB42} = {A3F30E81-4196-42E8-99D4-24E73AECE733}
		{BA4313C2-A9C4-4F6D-A2D2-91B6DD66C3D7} = {10B1AF16-742A-4915-8BEB-9DC88C03AE84}
		{DEEDA601-E072-4C03-8201-AD86398230BB} = {10B1AF16-742A-4915-8BEB-9DC88C03AE84}
		{74974248-2821-40E8-B179-EDCA0CB93D74} = {C519A657-4DCE-4A18-B34A-CA9E19172189}
		{887C1F01-D1D3-41CF-84E6-D37694BF1FDC} = {C519A657-4DCE-4A18-B34A-CA9E19172189}
		{2F96CE7F-B00E-4DD3-8D90-4A9FEA1A6B50} = {C519A657-4DCE-4A18-B34A-CA9E19172189}
		{1F69A3F0-BB57-4E8D-8457-FB16DE897EA3} = {C519A657-4DCE-4A18-B34A-CA9E19172189}
	EndGlobalSection
	GlobalSection(ExtensibilityGlobals) = postSolution
		SolutionGuid = {3B62F3C4-B24A-4CAA-8BD0-99BB51D47956}
	EndGlobalSection
EndGlobal
